
Microsoft Visual Studio Solution File, Format Version 12.00
# Visual Studio Version 16
VisualStudioVersion = 16.0.30413.136
MinimumVisualStudioVersion = 10.0.40219.1
Project("{9A19103F-16F7-4668-BE54-9A1E7A4F7556}") = "IDCodeReader", "IDCodeReader\IDCodeReader.csproj", "{6698FDC8-7C08-44CA-9E16-D3BC7A3A89AE}"
EndProject
Project("{9A19103F-16F7-4668-BE54-9A1E7A4F7556}") = "Substring", "Substring\Substring.csproj", "{A5504D0F-7108-429E-AF9E-CC95F4341C74}"
EndProject
Project("{9A19103F-16F7-4668-BE54-9A1E7A4F7556}") = "LogItpe20", "LogItpe20\LogItpe20.csproj", "{F69F4172-73AB-40A6-811F-7CD96F989401}"
EndProject
Project("{FAE04EC0-301F-11D3-BF4B-00C04F79EFBC}") = "YearValidation", "YearValidation\YearValidation.csproj", "{CEFB67B0-42EA-4F65-B4B4-B0385715C1F2}"
EndProject
Global
	GlobalSection(SolutionConfigurationPlatforms) = preSolution
		Debug|Any CPU = Debug|Any CPU
		Release|Any CPU = Release|Any CPU
	EndGlobalSection
	GlobalSection(ProjectConfigurationPlatforms) = postSolution
		{6698FDC8-7C08-44CA-9E16-D3BC7A3A89AE}.Debug|Any CPU.ActiveCfg = Debug|Any CPU
		{6698FDC8-7C08-44CA-9E16-D3BC7A3A89AE}.Debug|Any CPU.Build.0 = Debug|Any CPU
		{6698FDC8-7C08-44CA-9E16-D3BC7A3A89AE}.Release|Any CPU.ActiveCfg = Release|Any CPU
		{6698FDC8-7C08-44CA-9E16-D3BC7A3A89AE}.Release|Any CPU.Build.0 = Release|Any CPU
		{A5504D0F-7108-429E-AF9E-CC95F4341C74}.Debug|Any CPU.ActiveCfg = Debug|Any CPU
		{A5504D0F-7108-429E-AF9E-CC95F4341C74}.Debug|Any CPU.Build.0 = Debug|Any CPU
		{A5504D0F-7108-429E-AF9E-CC95F4341C74}.Release|Any CPU.ActiveCfg = Release|Any CPU
		{A5504D0F-7108-429E-AF9E-CC95F4341C74}.Release|Any CPU.Build.0 = Release|Any CPU
		{F69F4172-73AB-40A6-811F-7CD96F989401}.Debug|Any CPU.ActiveCfg = Debug|Any CPU
		{F69F4172-73AB-40A6-811F-7CD96F989401}.Debug|Any CPU.Build.0 = Debug|Any CPU
		{F69F4172-73AB-40A6-811F-7CD96F989401}.Release|Any CPU.ActiveCfg = Release|Any CPU
		{F69F4172-73AB-40A6-811F-7CD96F989401}.Release|Any CPU.Build.0 = Release|Any CPU
		{CEFB67B0-42EA-4F65-B4B4-B0385715C1F2}.Debug|Any CPU.ActiveCfg = Debug|Any CPU
		{CEFB67B0-42EA-4F65-B4B4-B0385715C1F2}.Debug|Any CPU.Build.0 = Debug|Any CPU
		{CEFB67B0-42EA-4F65-B4B4-B0385715C1F2}.Release|Any CPU.ActiveCfg = Release|Any CPU
		{CEFB67B0-42EA-4F65-B4B4-B0385715C1F2}.Release|Any CPU.Build.0 = Release|Any CPU
	EndGlobalSection
	GlobalSection(SolutionProperties) = preSolution
		HideSolutionNode = FALSE
	EndGlobalSection
	GlobalSection(ExtensibilityGlobals) = postSolution
		SolutionGuid = {75832F89-20B8-4B4E-B489-B25A50ECDE8F}
	EndGlobalSection
EndGlobal
